// !$*UTF8*$!
{
	archiveVersion = 1;
	classes = {
	};
	objectVersion = 48;
	objects = {

/* Begin PBXBuildFile section */
		D0C930302057E2A400D2E80A /* AppDelegate.swift in Sources */ = {isa = PBXBuildFile; fileRef = D0C9302F2057E2A400D2E80A /* AppDelegate.swift */; };
		D0C930322057E2A400D2E80A /* ViewController.swift in Sources */ = {isa = PBXBuildFile; fileRef = D0C930312057E2A400D2E80A /* ViewController.swift */; };
		D0C930352057E2A400D2E80A /* Main.storyboard in Resources */ = {isa = PBXBuildFile; fileRef = D0C930332057E2A400D2E80A /* Main.storyboard */; };
		D0C930372057E2A400D2E80A /* Assets.xcassets in Resources */ = {isa = PBXBuildFile; fileRef = D0C930362057E2A400D2E80A /* Assets.xcassets */; };
		D0C9303A2057E2A400D2E80A /* LaunchScreen.storyboard in Resources */ = {isa = PBXBuildFile; fileRef = D0C930382057E2A400D2E80A /* LaunchScreen.storyboard */; };
		D0C930452057E2A400D2E80A /* Git_TestTests.swift in Sources */ = {isa = PBXBuildFile; fileRef = D0C930442057E2A400D2E80A /* Git_TestTests.swift */; };
		D0C930502057E2A400D2E80A /* Git_TestUITests.swift in Sources */ = {isa = PBXBuildFile; fileRef = D0C9304F2057E2A400D2E80A /* Git_TestUITests.swift */; };
/* End PBXBuildFile section */

/* Begin PBXContainerItemProxy section */
		D0C930412057E2A400D2E80A /* PBXContainerItemProxy */ = {
			isa = PBXContainerItemProxy;
			containerPortal = D0C930242057E2A300D2E80A /* Project object */;
			proxyType = 1;
			remoteGlobalIDString = D0C9302B2057E2A300D2E80A;
			remoteInfo = "Git Test";
		};
		D0C9304C2057E2A400D2E80A /* PBXContainerItemProxy */ = {
			isa = PBXContainerItemProxy;
			containerPortal = D0C930242057E2A300D2E80A /* Project object */;
			proxyType = 1;
			remoteGlobalIDString = D0C9302B2057E2A300D2E80A;
			remoteInfo = "Git Test";
		};
/* End PBXContainerItemProxy section */

/* Begin PBXFileReference section */
		D0C9302C2057E2A300D2E80A /* Git Test.app */ = {isa = PBXFileReference; explicitFileType = wrapper.application; includeInIndex = 0; path = "Git Test.app"; sourceTree = BUILT_PRODUCTS_DIR; };
		D0C9302F2057E2A400D2E80A /* AppDelegate.swift */ = {isa = PBXFileReference; lastKnownFileType = sourcecode.swift; path = AppDelegate.swift; sourceTree = "<group>"; };
		D0C930312057E2A400D2E80A /* ViewController.swift */ = {isa = PBXFileReference; lastKnownFileType = sourcecode.swift; path = ViewController.swift; sourceTree = "<group>"; };
		D0C930342057E2A400D2E80A /* Base */ = {isa = PBXFileReference; lastKnownFileType = file.storyboard; name = Base; path = Base.lproj/Main.storyboard; sourceTree = "<group>"; };
		D0C930362057E2A400D2E80A /* Assets.xcassets */ = {isa = PBXFileReference; lastKnownFileType = folder.assetcatalog; path = Assets.xcassets; sourceTree = "<group>"; };
		D0C930392057E2A400D2E80A /* Base */ = {isa = PBXFileReference; lastKnownFileType = file.storyboard; name = Base; path = Base.lproj/LaunchScreen.storyboard; sourceTree = "<group>"; };
		D0C9303B2057E2A400D2E80A /* Info.plist */ = {isa = PBXFileReference; lastKnownFileType = text.plist.xml; path = Info.plist; sourceTree = "<group>"; };
		D0C930402057E2A400D2E80A /* Git TestTests.xctest */ = {isa = PBXFileReference; explicitFileType = wrapper.cfbundle; includeInIndex = 0; path = "Git TestTests.xctest"; sourceTree = BUILT_PRODUCTS_DIR; };
		D0C930442057E2A400D2E80A /* Git_TestTests.swift */ = {isa = PBXFileReference; lastKnownFileType = sourcecode.swift; path = Git_TestTests.swift; sourceTree = "<group>"; };
		D0C930462057E2A400D2E80A /* Info.plist */ = {isa = PBXFileReference; lastKnownFileType = text.plist.xml; path = Info.plist; sourceTree = "<group>"; };
		D0C9304B2057E2A400D2E80A /* Git TestUITests.xctest */ = {isa = PBXFileReference; explicitFileType = wrapper.cfbundle; includeInIndex = 0; path = "Git TestUITests.xctest"; sourceTree = BUILT_PRODUCTS_DIR; };
		D0C9304F2057E2A400D2E80A /* Git_TestUITests.swift */ = {isa = PBXFileReference; lastKnownFileType = sourcecode.swift; path = Git_TestUITests.swift; sourceTree = "<group>"; };
		D0C930512057E2A400D2E80A /* Info.plist */ = {isa = PBXFileReference; lastKnownFileType = text.plist.xml; path = Info.plist; sourceTree = "<group>"; };
/* End PBXFileReference section */

/* Begin PBXFrameworksBuildPhase section */
		D0C930292057E2A300D2E80A /* Frameworks */ = {
			isa = PBXFrameworksBuildPhase;
			buildActionMask = 2147483647;
			files = (
			);
			runOnlyForDeploymentPostprocessing = 0;
		};
		D0C9303D2057E2A400D2E80A /* Frameworks */ = {
			isa = PBXFrameworksBuildPhase;
			buildActionMask = 2147483647;
			files = (
			);
			runOnlyForDeploymentPostprocessing = 0;
		};
		D0C930482057E2A400D2E80A /* Frameworks */ = {
			isa = PBXFrameworksBuildPhase;
			buildActionMask = 2147483647;
			files = (
			);
			runOnlyForDeploymentPostprocessing = 0;
		};
/* End PBXFrameworksBuildPhase section */

/* Begin PBXGroup section */
		D0C930232057E2A300D2E80A = {
			isa = PBXGroup;
			children = (
				D0C9302E2057E2A300D2E80A /* Git Test */,
				D0C930432057E2A400D2E80A /* Git TestTests */,
				D0C9304E2057E2A400D2E80A /* Git TestUITests */,
				D0C9302D2057E2A300D2E80A /* Products */,
			);
			sourceTree = "<group>";
		};
		D0C9302D2057E2A300D2E80A /* Products */ = {
			isa = PBXGroup;
			children = (
				D0C9302C2057E2A300D2E80A /* Git Test.app */,
				D0C930402057E2A400D2E80A /* Git TestTests.xctest */,
				D0C9304B2057E2A400D2E80A /* Git TestUITests.xctest */,
			);
			name = Products;
			sourceTree = "<group>";
		};
		D0C9302E2057E2A300D2E80A /* Git Test */ = {
			isa = PBXGroup;
			children = (
				D0C9302F2057E2A400D2E80A /* AppDelegate.swift */,
				D0C930312057E2A400D2E80A /* ViewController.swift */,
				D0C930332057E2A400D2E80A /* Main.storyboard */,
				D0C930362057E2A400D2E80A /* Assets.xcassets */,
				D0C930382057E2A400D2E80A /* LaunchScreen.storyboard */,
				D0C9303B2057E2A400D2E80A /* Info.plist */,
			);
			path = "Git Test";
			sourceTree = "<group>";
		};
		D0C930432057E2A400D2E80A /* Git TestTests */ = {
			isa = PBXGroup;
			children = (
				D0C930442057E2A400D2E80A /* Git_TestTests.swift */,
				D0C930462057E2A400D2E80A /* Info.plist */,
			);
			path = "Git TestTests";
			sourceTree = "<group>";
		};
		D0C9304E2057E2A400D2E80A /* Git TestUITests */ = {
			isa = PBXGroup;
			children = (
				D0C9304F2057E2A400D2E80A /* Git_TestUITests.swift */,
				D0C930512057E2A400D2E80A /* Info.plist */,
			);
			path = "Git TestUITests";
			sourceTree = "<group>";
		};
/* End PBXGroup section */

/* Begin PBXNativeTarget section */
		D0C9302B2057E2A300D2E80A /* Git Test */ = {
			isa = PBXNativeTarget;
			buildConfigurationList = D0C930542057E2A400D2E80A /* Build configuration list for PBXNativeTarget "Git Test" */;
			buildPhases = (
				D0C930282057E2A300D2E80A /* Sources */,
				D0C930292057E2A300D2E80A /* Frameworks */,
				D0C9302A2057E2A300D2E80A /* Resources */,
			);
			buildRules = (
			);
			dependencies = (
			);
			name = "Git Test";
			productName = "Git Test";
			productReference = D0C9302C2057E2A300D2E80A /* Git Test.app */;
			productType = "com.apple.product-type.application";
		};
		D0C9303F2057E2A400D2E80A /* Git TestTests */ = {
			isa = PBXNativeTarget;
			buildConfigurationList = D0C930572057E2A400D2E80A /* Build configuration list for PBXNativeTarget "Git TestTests" */;
			buildPhases = (
				D0C9303C2057E2A400D2E80A /* Sources */,
				D0C9303D2057E2A400D2E80A /* Frameworks */,
				D0C9303E2057E2A400D2E80A /* Resources */,
			);
			buildRules = (
			);
			dependencies = (
				D0C930422057E2A400D2E80A /* PBXTargetDependency */,
			);
			name = "Git TestTests";
			productName = "Git TestTests";
			productReference = D0C930402057E2A400D2E80A /* Git TestTests.xctest */;
			productType = "com.apple.product-type.bundle.unit-test";
		};
		D0C9304A2057E2A400D2E80A /* Git TestUITests */ = {
			isa = PBXNativeTarget;
			buildConfigurationList = D0C9305A2057E2A400D2E80A /* Build configuration list for PBXNativeTarget "Git TestUITests" */;
			buildPhases = (
				D0C930472057E2A400D2E80A /* Sources */,
				D0C930482057E2A400D2E80A /* Frameworks */,
				D0C930492057E2A400D2E80A /* Resources */,
			);
			buildRules = (
			);
			dependencies = (
				D0C9304D2057E2A400D2E80A /* PBXTargetDependency */,
			);
			name = "Git TestUITests";
			productName = "Git TestUITests";
			productReference = D0C9304B2057E2A400D2E80A /* Git TestUITests.xctest */;
			productType = "com.apple.product-type.bundle.ui-testing";
		};
/* End PBXNativeTarget section */

/* Begin PBXProject section */
		D0C930242057E2A300D2E80A /* Project object */ = {
			isa = PBXProject;
			attributes = {
				LastSwiftUpdateCheck = 0920;
				LastUpgradeCheck = 0920;
				ORGANIZATIONNAME = "Mena De Filippo";
				TargetAttributes = {
					D0C9302B2057E2A300D2E80A = {
						CreatedOnToolsVersion = 9.2;
						ProvisioningStyle = Automatic;
					};
					D0C9303F2057E2A400D2E80A = {
						CreatedOnToolsVersion = 9.2;
						ProvisioningStyle = Automatic;
						TestTargetID = D0C9302B2057E2A300D2E80A;
					};
					D0C9304A2057E2A400D2E80A = {
						CreatedOnToolsVersion = 9.2;
						ProvisioningStyle = Automatic;
						TestTargetID = D0C9302B2057E2A300D2E80A;
					};
				};
			};
			buildConfigurationList = D0C930272057E2A300D2E80A /* Build configuration list for PBXProject "Git Test" */;
			compatibilityVersion = "Xcode 8.0";
			developmentRegion = en;
			hasScannedForEncodings = 0;
			knownRegions = (
				en,
				Base,
			);
			mainGroup = D0C930232057E2A300D2E80A;
			productRefGroup = D0C9302D2057E2A300D2E80A /* Products */;
			projectDirPath = "";
			projectRoot = "";
			targets = (
				D0C9302B2057E2A300D2E80A /* Git Test */,
				D0C9303F2057E2A400D2E80A /* Git TestTests */,
				D0C9304A2057E2A400D2E80A /* Git TestUITests */,
			);
		};
/* End PBXProject section */

/* Begin PBXResourcesBuildPhase section */
		D0C9302A2057E2A300D2E80A /* Resources */ = {
			isa = PBXResourcesBuildPhase;
			buildActionMask = 2147483647;
			files = (
				D0C9303A2057E2A400D2E80A /* LaunchScreen.storyboard in Resources */,
				D0C930372057E2A400D2E80A /* Assets.xcassets in Resources */,
				D0C930352057E2A400D2E80A /* Main.storyboard in Resources */,
			);
			runOnlyForDeploymentPostprocessing = 0;
		};
		D0C9303E2057E2A400D2E80A /* Resources */ = {
			isa = PBXResourcesBuildPhase;
			buildActionMask = 2147483647;
			files = (
			);
			runOnlyForDeploymentPostprocessing = 0;
		};
		D0C930492057E2A400D2E80A /* Resources */ = {
			isa = PBXResourcesBuildPhase;
			buildActionMask = 2147483647;
			files = (
			);
			runOnlyForDeploymentPostprocessing = 0;
		};
/* End PBXResourcesBuildPhase section */

/* Begin PBXSourcesBuildPhase section */
		D0C930282057E2A300D2E80A /* Sources */ = {
			isa = PBXSourcesBuildPhase;
			buildActionMask = 2147483647;
			files = (
				D0C930322057E2A400D2E80A /* ViewController.swift in Sources */,
				D0C930302057E2A400D2E80A /* AppDelegate.swift in Sources */,
			);
			runOnlyForDeploymentPostprocessing = 0;
		};
		D0C9303C2057E2A400D2E80A /* Sources */ = {
			isa = PBXSourcesBuildPhase;
			buildActionMask = 2147483647;
			files = (
				D0C930452057E2A400D2E80A /* Git_TestTests.swift in Sources */,
			);
			runOnlyForDeploymentPostprocessing = 0;
		};
		D0C930472057E2A400D2E80A /* Sources */ = {
			isa = PBXSourcesBuildPhase;
			buildActionMask = 2147483647;
			files = (
				D0C930502057E2A400D2E80A /* Git_TestUITests.swift in Sources */,
			);
			runOnlyForDeploymentPostprocessing = 0;
		};
/* End PBXSourcesBuildPhase section */

/* Begin PBXTargetDependency section */
		D0C930422057E2A400D2E80A /* PBXTargetDependency */ = {
			isa = PBXTargetDependency;
			target = D0C9302B2057E2A300D2E80A /* Git Test */;
			targetProxy = D0C930412057E2A400D2E80A /* PBXContainerItemProxy */;
		};
		D0C9304D2057E2A400D2E80A /* PBXTargetDependency */ = {
			isa = PBXTargetDependency;
			target = D0C9302B2057E2A300D2E80A /* Git Test */;
			targetProxy = D0C9304C2057E2A400D2E80A /* PBXContainerItemProxy */;
		};
/* End PBXTargetDependency section */

/* Begin PBXVariantGroup section */
		D0C930332057E2A400D2E80A /* Main.storyboard */ = {
			isa = PBXVariantGroup;
			children = (
				D0C930342057E2A400D2E80A /* Base */,
			);
			name = Main.storyboard;
			sourceTree = "<group>";
		};
		D0C930382057E2A400D2E80A /* LaunchScreen.storyboard */ = {
			isa = PBXVariantGroup;
			children = (
				D0C930392057E2A400D2E80A /* Base */,
			);
			name = LaunchScreen.storyboard;
			sourceTree = "<group>";
		};
/* End PBXVariantGroup section */

/* Begin XCBuildConfiguration section */
		D0C930522057E2A400D2E80A /* Debug */ = {
			isa = XCBuildConfiguration;
			buildSettings = {
				ALWAYS_SEARCH_USER_PATHS = NO;
				CLANG_ANALYZER_NONNULL = YES;
				CLANG_ANALYZER_NUMBER_OBJECT_CONVERSION = YES_AGGRESSIVE;
				CLANG_CXX_LANGUAGE_STANDARD = "gnu++14";
				CLANG_CXX_LIBRARY = "libc++";
				CLANG_ENABLE_MODULES = YES;
				CLANG_ENABLE_OBJC_ARC = YES;
				CLANG_WARN_BLOCK_CAPTURE_AUTORELEASING = YES;
				CLANG_WARN_BOOL_CONVERSION = YES;
				CLANG_WARN_COMMA = YES;
				CLANG_WARN_CONSTANT_CONVERSION = YES;
				CLANG_WARN_DIRECT_OBJC_ISA_USAGE = YES_ERROR;
				CLANG_WARN_DOCUMENTATION_COMMENTS = YES;
				CLANG_WARN_EMPTY_BODY = YES;
				CLANG_WARN_ENUM_CONVERSION = YES;
				CLANG_WARN_INFINITE_RECURSION = YES;
				CLANG_WARN_INT_CONVERSION = YES;
				CLANG_WARN_NON_LITERAL_NULL_CONVERSION = YES;
				CLANG_WARN_OBJC_LITERAL_CONVERSION = YES;
				CLANG_WARN_OBJC_ROOT_CLASS = YES_ERROR;
				CLANG_WARN_RANGE_LOOP_ANALYSIS = YES;
				CLANG_WARN_STRICT_PROTOTYPES = YES;
				CLANG_WARN_SUSPICIOUS_MOVE = YES;
				CLANG_WARN_UNGUARDED_AVAILABILITY = YES_AGGRESSIVE;
				CLANG_WARN_UNREACHABLE_CODE = YES;
				CLANG_WARN__DUPLICATE_METHOD_MATCH = YES;
				CODE_SIGN_IDENTITY = "iPhone Developer";
				COPY_PHASE_STRIP = NO;
				DEBUG_INFORMATION_FORMAT = dwarf;
				ENABLE_STRICT_OBJC_MSGSEND = YES;
				ENABLE_TESTABILITY = YES;
				GCC_C_LANGUAGE_STANDARD = gnu11;
				GCC_DYNAMIC_NO_PIC = NO;
				GCC_NO_COMMON_BLOCKS = YES;
				GCC_OPTIMIZATION_LEVEL = 0;
				GCC_PREPROCESSOR_DEFINITIONS = (
					"DEBUG=1",
					"$(inherited)",
				);
				GCC_WARN_64_TO_32_BIT_CONVERSION = YES;
				GCC_WARN_ABOUT_RETURN_TYPE = YES_ERROR;
				GCC_WARN_UNDECLARED_SELECTOR = YES;
				GCC_WARN_UNINITIALIZED_AUTOS = YES_AGGRESSIVE;
				GCC_WARN_UNUSED_FUNCTION = YES;
				GCC_WARN_UNUSED_VARIABLE = YES;
				IPHONEOS_DEPLOYMENT_TARGET = 11.2;
				MTL_ENABLE_DEBUG_INFO = YES;
				ONLY_ACTIVE_ARCH = YES;
				SDKROOT = iphoneos;
				SWIFT_ACTIVE_COMPILATION_CONDITIONS = DEBUG;
				SWIFT_OPTIMIZATION_LEVEL = "-Onone";
			};
			name = Debug;
		};
		D0C930532057E2A400D2E80A /* Release */ = {
			isa = XCBuildConfiguration;
			buildSettings = {
				ALWAYS_SEARCH_USER_PATHS = NO;
				CLANG_ANALYZER_NONNULL = YES;
				CLANG_ANALYZER_NUMBER_OBJECT_CONVERSION = YES_AGGRESSIVE;
				CLANG_CXX_LANGUAGE_STANDARD = "gnu++14";
				CLANG_CXX_LIBRARY = "libc++";
				CLANG_ENABLE_MODULES = YES;
				CLANG_ENABLE_OBJC_ARC = YES;
				CLANG_WARN_BLOCK_CAPTURE_AUTORELEASING = YES;
				CLANG_WARN_BOOL_CONVERSION = YES;
				CLANG_WARN_COMMA = YES;
				CLANG_WARN_CONSTANT_CONVERSION = YES;
				CLANG_WARN_DIRECT_OBJC_ISA_USAGE = YES_ERROR;
				CLANG_WARN_DOCUMENTATION_COMMENTS = YES;
				CLANG_WARN_EMPTY_BODY = YES;
				CLANG_WARN_ENUM_CONVERSION = YES;
				CLANG_WARN_INFINITE_RECURSION = YES;
				CLANG_WARN_INT_CONVERSION = YES;
				CLANG_WARN_NON_LITERAL_NULL_CONVERSION = YES;
				CLANG_WARN_OBJC_LITERAL_CONVERSION = YES;
				CLANG_WARN_OBJC_ROOT_CLASS = YES_ERROR;
				CLANG_WARN_RANGE_LOOP_ANALYSIS = YES;
				CLANG_WARN_STRICT_PROTOTYPES = YES;
				CLANG_WARN_SUSPICIOUS_MOVE = YES;
				CLANG_WARN_UNGUARDED_AVAILABILITY = YES_AGGRESSIVE;
				CLANG_WARN_UNREACHABLE_CODE = YES;
				CLANG_WARN__DUPLICATE_METHOD_MATCH = YES;
				CODE_SIGN_IDENTITY = "iPhone Developer";
				COPY_PHASE_STRIP = NO;
				DEBUG_INFORMATION_FORMAT = "dwarf-with-dsym";
				ENABLE_NS_ASSERTIONS = NO;
				ENABLE_STRICT_OBJC_MSGSEND = YES;
				GCC_C_LANGUAGE_STANDARD = gnu11;
				GCC_NO_COMMON_BLOCKS = YES;
				GCC_WARN_64_TO_32_BIT_CONVERSION = YES;
				GCC_WARN_ABOUT_RETURN_TYPE = YES_ERROR;
				GCC_WARN_UNDECLARED_SELECTOR = YES;
				GCC_WARN_UNINITIALIZED_AUTOS = YES_AGGRESSIVE;
				GCC_WARN_UNUSED_FUNCTION = YES;
				GCC_WARN_UNUSED_VARIABLE = YES;
				IPHONEOS_DEPLOYMENT_TARGET = 11.2;
				MTL_ENABLE_DEBUG_INFO = NO;
				SDKROOT = iphoneos;
				SWIFT_OPTIMIZATION_LEVEL = "-Owholemodule";
				VALIDATE_PRODUCT = YES;
			};
			name = Release;
		};
		D0C930552057E2A400D2E80A /* Debug */ = {
			isa = XCBuildConfiguration;
			buildSettings = {
				ASSETCATALOG_COMPILER_APPICON_NAME = AppIcon;
				CODE_SIGN_STYLE = Automatic;
				DEVELOPMENT_TEAM = NHZA8FUTKK;
				INFOPLIST_FILE = "Git Test/Info.plist";
				LD_RUNPATH_SEARCH_PATHS = "$(inherited) @executable_path/Frameworks";
				PRODUCT_BUNDLE_IDENTIFIER = "menadefilippo.Git-Test";
				PRODUCT_NAME = "$(TARGET_NAME)";
				SWIFT_VERSION = 4.0;
				TARGETED_DEVICE_FAMILY = "1,2";
			};
			name = Debug;
		};
		D0C930562057E2A400D2E80A /* Release */ = {
			isa = XCBuildConfiguration;
			buildSettings = {
				ASSETCATALOG_COMPILER_APPICON_NAME = AppIcon;
				CODE_SIGN_STYLE = Automatic;
				DEVELOPMENT_TEAM = NHZA8FUTKK;
				INFOPLIST_FILE = "Git Test/Info.plist";
				LD_RUNPATH_SEARCH_PATHS = "$(inherited) @executable_path/Frameworks";
				PRODUCT_BUNDLE_IDENTIFIER = "menadefilippo.Git-Test";
				PRODUCT_NAME = "$(TARGET_NAME)";
				SWIFT_VERSION = 4.0;
				TARGETED_DEVICE_FAMILY = "1,2";
			};
			name = Release;
		};
		D0C930582057E2A400D2E80A /* Debug */ = {
			isa = XCBuildConfiguration;
			buildSettings = {
				ALWAYS_EMBED_SWIFT_STANDARD_LIBRARIES = YES;
				BUNDLE_LOADER = "$(TEST_HOST)";
				CODE_SIGN_STYLE = Automatic;
				DEVELOPMENT_TEAM = NHZA8FUTKK;
				INFOPLIST_FILE = "Git TestTests/Info.plist";
				LD_RUNPATH_SEARCH_PATHS = "$(inherited) @executable_path/Frameworks @loader_path/Frameworks";
				PRODUCT_BUNDLE_IDENTIFIER = "menadefilippo.Git-TestTests";
				PRODUCT_NAME = "$(TARGET_NAME)";
				SWIFT_VERSION = 4.0;
				TARGETED_DEVICE_FAMILY = "1,2";
				TEST_HOST = "$(BUILT_PRODUCTS_DIR)/Git Test.app/Git Test";
			};
			name = Debug;
		};
		D0C930592057E2A400D2E80A /* Release */ = {
			isa = XCBuildConfiguration;
			buildSettings = {
				ALWAYS_EMBED_SWIFT_STANDARD_LIBRARIES = YES;
				BUNDLE_LOADER = "$(TEST_HOST)";
				CODE_SIGN_STYLE = Automatic;
				DEVELOPMENT_TEAM = NHZA8FUTKK;
				INFOPLIST_FILE = "Git TestTests/Info.plist";
				LD_RUNPATH_SEARCH_PATHS = "$(inherited) @executable_path/Frameworks @loader_path/Frameworks";
				PRODUCT_BUNDLE_IDENTIFIER = "menadefilippo.Git-TestTests";
				PRODUCT_NAME = "$(TARGET_NAME)";
				SWIFT_VERSION = 4.0;
				TARGETED_DEVICE_FAMILY = "1,2";
				TEST_HOST = "$(BUILT_PRODUCTS_DIR)/Git Test.app/Git Test";
			};
			name = Release;
		};
		D0C9305B2057E2A400D2E80A /* Debug */ = {
			isa = XCBuildConfiguration;
			buildSettings = {
				ALWAYS_EMBED_SWIFT_STANDARD_LIBRARIES = YES;
				CODE_SIGN_STYLE = Automatic;
				DEVELOPMENT_TEAM = NHZA8FUTKK;
				INFOPLIST_FILE = "Git TestUITests/Info.plist";
				LD_RUNPATH_SEARCH_PATHS = "$(inherited) @executable_path/Frameworks @loader_path/Frameworks";
				PRODUCT_BUNDLE_IDENTIFIER = "menadefilippo.Git-TestUITests";
				PRODUCT_NAME = "$(TARGET_NAME)";
				SWIFT_VERSION = 4.0;
				TARGETED_DEVICE_FAMILY = "1,2";
				TEST_TARGET_NAME = "Git Test";
			};
			name = Debug;
		};
		D0C9305C2057E2A400D2E80A /* Release */ = {
			isa = XCBuildConfiguration;
			buildSettings = {
				ALWAYS_EMBED_SWIFT_STANDARD_LIBRARIES = YES;
				CODE_SIGN_STYLE = Automatic;
				DEVELOPMENT_TEAM = NHZA8FUTKK;
				INFOPLIST_FILE = "Git TestUITests/Info.plist";
				LD_RUNPATH_SEARCH_PATHS = "$(inherited) @executable_path/Frameworks @loader_path/Frameworks";
				PRODUCT_BUNDLE_IDENTIFIER = "menadefilippo.Git-TestUITests";
				PRODUCT_NAME = "$(TARGET_NAME)";
				SWIFT_VERSION = 4.0;
				TARGETED_DEVICE_FAMILY = "1,2";
				TEST_TARGET_NAME = "Git Test";
			};
			name = Release;
		};
/* End XCBuildConfiguration section */

/* Begin XCConfigurationList section */
		D0C930272057E2A300D2E80A /* Build configuration list for PBXProject "Git Test" */ = {
			isa = XCConfigurationList;
			buildConfigurations = (
				D0C930522057E2A400D2E80A /* Debug */,
				D0C930532057E2A400D2E80A /* Release */,
			);
			defaultConfigurationIsVisible = 0;
			defaultConfigurationName = Release;
		};
		D0C930542057E2A400D2E80A /* Build configuration list for PBXNativeTarget "Git Test" */ = {
			isa = XCConfigurationList;
			buildConfigurations = (
				D0C930552057E2A400D2E80A /* Debug */,
				D0C930562057E2A400D2E80A /* Release */,
			);
			defaultConfigurationIsVisible = 0;
			defaultConfigurationName = Release;
		};
		D0C930572057E2A400D2E80A /* Build configuration list for PBXNativeTarget "Git TestTests" */ = {
			isa = XCConfigurationList;
			buildConfigurations = (
				D0C930582057E2A400D2E80A /* Debug */,
				D0C930592057E2A400D2E80A /* Release */,
			);
			defaultConfigurationIsVisible = 0;
			defaultConfigurationName = Release;
		};
		D0C9305A2057E2A400D2E80A /* Build configuration list for PBXNativeTarget "Git TestUITests" */ = {
			isa = XCConfigurationList;
			buildConfigurations = (
				D0C9305B2057E2A400D2E80A /* Debug */,
				D0C9305C2057E2A400D2E80A /* Release */,
			);
			defaultConfigurationIsVisible = 0;
			defaultConfigurationName = Release;
		};
/* End XCConfigurationList section */
	};
	rootObject = D0C930242057E2A300D2E80A /* Project object */;
}
